
Microsoft Visual Studio Solution File, Format Version 12.00
# Visual Studio 15
VisualStudioVersion = 15.0.28307.1831
MinimumVisualStudioVersion = 10.0.40219.1
Project("{FAE04EC0-301F-11D3-BF4B-00C04F79EFBC}") = "RunKun", "RunKun\RunKun.csproj", "{358745FB-E3DA-4D46-BCEC-931F66C914A1}"
EndProject
Global
	GlobalSection(SolutionConfigurationPlatforms) = preSolution
		Debug|Any CPU = Debug|Any CPU
		Release|Any CPU = Release|Any CPU
	EndGlobalSection
	GlobalSection(ProjectConfigurationPlatforms) = postSolution
		{358745FB-E3DA-4D46-BCEC-931F66C914A1}.Debug|Any CPU.ActiveCfg = Debug|Any CPU
		{358745FB-E3DA-4D46-BCEC-931F66C914A1}.Debug|Any CPU.Build.0 = Debug|Any CPU
		{358745FB-E3DA-4D46-BCEC-931F66C914A1}.Release|Any CPU.ActiveCfg = Release|Any CPU
		{358745FB-E3DA-4D46-BCEC-931F66C914A1}.Release|Any CPU.Build.0 = Release|Any CPU
	EndGlobalSection
	GlobalSection(SolutionProperties) = preSolution
		HideSolutionNode = FALSE
	EndGlobalSection
	GlobalSection(ExtensibilityGlobals) = postSolution
		SolutionGuid = {4E112C6B-09DA-4E13-99A3-9A3C60CE3588}
	EndGlobalSection
EndGlobal
